{
  "version": 4,
  "terraform_version": "1.14.5",
  "serial": 3,
  "lineage": "25a71051-2a4f-b7f2-5228-f15293aaeff1",
  "outputs": {
    "api_version": {
      "value": "2025-04-01",
      "type": "string"
    },
    "id": {
      "value": "/subscriptions/3775f8a6-d4df-4cf9-8119-475f7f723321/resourcegroups/test-rg-restful-skill",
      "type": "string"
    },
    "provisioning_state": {
      "value": "Succeeded",
      "type": "string"
    }
  },
  "resources": [
    {
      "module": "module.resource_group",
      "mode": "managed",
      "type": "restful_resource",
      "name": "resource_group",
      "provider": "provider[\"registry.terraform.io/magodo/restful\"]",
      "instances": [
        {
          "schema_version": 2,
          "attributes": {
            "body": {
              "value": {
                "location": "westeurope"
              },
              "type": [
                "object",
                {
                  "location": "string"
                }
              ]
            },
            "check_existance": null,
            "create_header": null,
            "create_method": "PUT",
            "create_query": null,
            "create_selector": null,
            "delete_body": null,
            "delete_body_raw": null,
            "delete_header": null,
            "delete_method": null,
            "delete_path": null,
            "delete_query": null,
            "ephemeral_body": null,
            "force_new_attrs": null,
            "header": null,
            "id": "/subscriptions/3775f8a6-d4df-4cf9-8119-475f7f723321/resourcegroups/test-rg-restful-skill",
            "merge_patch_disabled": null,
            "output": {
              "value": {
                "id": "/subscriptions/3775f8a6-d4df-4cf9-8119-475f7f723321/resourceGroups/test-rg-restful-skill",
                "location": "westeurope",
                "name": "test-rg-restful-skill",
                "properties": {
                  "provisioningState": "Succeeded"
                },
                "type": "Microsoft.Resources/resourceGroups"
              },
              "type": [
                "object",
                {
                  "id": "string",
                  "location": "string",
                  "name": "string",
                  "properties": [
                    "object",
                    {
                      "provisioningState": "string"
                    }
                  ],
                  "type": "string"
                }
              ]
            },
            "output_attrs": null,
            "path": "/subscriptions/3775f8a6-d4df-4cf9-8119-475f7f723321/resourcegroups/test-rg-restful-skill",
            "poll_create": null,
            "poll_delete": {
              "default_delay_sec": 15,
              "header": null,
              "status": {
                "pending": [
                  "202",
                  "200"
                ],
                "success": "404"
              },
              "status_locator": "code",
              "url_locator": null
            },
            "poll_update": null,
            "post_create_read": null,
            "precheck_create": null,
            "precheck_delete": null,
            "precheck_update": null,
            "query": {
              "api-version": [
                "2025-04-01"
              ]
            },
            "read_header": null,
            "read_path": null,
            "read_query": null,
            "read_response_template": null,
            "read_selector": null,
            "sensitive_output": null,
            "update_body_patches": null,
            "update_header": null,
            "update_method": null,
            "update_path": null,
            "update_query": null,
            "use_sensitive_output": null,
            "write_only_attrs": null
          },
          "sensitive_attributes": [
            [
              {
                "type": "get_attr",
                "value": "sensitive_output"
              }
            ]
          ],
          "identity_schema_version": 0,
          "identity": {
            "id": "{\"id\":\"/subscriptions/3775f8a6-d4df-4cf9-8119-475f7f723321/resourcegroups/test-rg-restful-skill\",\"path\":\"/subscriptions/3775f8a6-d4df-4cf9-8119-475f7f723321/resourcegroups/test-rg-restful-skill\",\"query\":{\"api-version\":[\"2025-04-01\"]},\"body\":{\"location\":null}}"
          },
          "dependencies": [
            "restful_operation.access_token"
          ]
        }
      ]
    }
  ],
  "check_results": null
}
