{
  "version": 4,
  "terraform_version": "1.14.5",
  "serial": 7,
  "lineage": "666ef1fa-0bd5-2867-355f-f48b1532d5d8",
  "outputs": {
    "storage_accounts": {
      "value": {
        "minimum": {
          "api_version": "2025-08-01",
          "id": "/subscriptions/3775f8a6-d4df-4cf9-8119-475f7f723321/resourceGroups/test-rg-restful-skill/providers/Microsoft.Storage/storageAccounts/tfrslsatest001",
          "kind": "StorageV2",
          "location": "westeurope",
          "name": "tfrslsatest001",
          "primary_blob_endpoint": "https://tfrslsatest001.blob.core.windows.net/",
          "primary_dfs_endpoint": "https://tfrslsatest001.dfs.core.windows.net/",
          "primary_file_endpoint": "https://tfrslsatest001.file.core.windows.net/",
          "primary_queue_endpoint": "https://tfrslsatest001.queue.core.windows.net/",
          "primary_table_endpoint": "https://tfrslsatest001.table.core.windows.net/",
          "provisioning_state": "Succeeded",
          "sku_name": "Standard_LRS",
          "type": "Microsoft.Storage/storageAccounts"
        }
      },
      "type": [
        "object",
        {
          "minimum": [
            "object",
            {
              "api_version": "string",
              "id": "string",
              "kind": "string",
              "location": "string",
              "name": "string",
              "primary_blob_endpoint": "string",
              "primary_dfs_endpoint": "string",
              "primary_file_endpoint": "string",
              "primary_queue_endpoint": "string",
              "primary_table_endpoint": "string",
              "provisioning_state": "string",
              "sku_name": "string",
              "type": "string"
            }
          ]
        }
      ]
    }
  },
  "resources": [
    {
      "module": "module.root.module.storage_accounts[\"minimum\"]",
      "mode": "managed",
      "type": "restful_resource",
      "name": "storage_account",
      "provider": "provider[\"registry.terraform.io/magodo/restful\"]",
      "instances": [
        {
          "schema_version": 2,
          "attributes": {
            "body": {
              "value": {
                "kind": "StorageV2",
                "location": "westeurope",
                "properties": {
                  "allowBlobPublicAccess": false,
                  "minimumTlsVersion": "TLS1_2",
                  "supportsHttpsTrafficOnly": true
                },
                "sku": {
                  "name": "Standard_LRS"
                }
              },
              "type": [
                "object",
                {
                  "kind": "string",
                  "location": "string",
                  "properties": [
                    "object",
                    {
                      "allowBlobPublicAccess": "bool",
                      "minimumTlsVersion": "string",
                      "supportsHttpsTrafficOnly": "bool"
                    }
                  ],
                  "sku": [
                    "object",
                    {
                      "name": "string"
                    }
                  ]
                }
              ]
            },
            "check_existance": null,
            "create_header": null,
            "create_method": "PUT",
            "create_query": null,
            "create_selector": null,
            "delete_body": null,
            "delete_body_raw": null,
            "delete_header": null,
            "delete_method": null,
            "delete_path": null,
            "delete_query": null,
            "ephemeral_body": null,
            "force_new_attrs": null,
            "header": null,
            "id": "/subscriptions/3775f8a6-d4df-4cf9-8119-475f7f723321/resourceGroups/test-rg-restful-skill/providers/Microsoft.Storage/storageAccounts/tfrslsatest001",
            "merge_patch_disabled": null,
            "output": {
              "value": {
                "id": "/subscriptions/3775f8a6-d4df-4cf9-8119-475f7f723321/resourceGroups/test-rg-restful-skill/providers/Microsoft.Storage/storageAccounts/tfrslsatest001",
                "kind": "StorageV2",
                "location": "westeurope",
                "name": "tfrslsatest001",
                "properties": {
                  "accessTier": "Hot",
                  "allowBlobPublicAccess": false,
                  "allowCrossTenantDelegationSas": false,
                  "allowCrossTenantReplication": false,
                  "creationTime": "2026-03-26T22:48:44.8088388Z",
                  "encryption": {
                    "keySource": "Microsoft.Storage",
                    "services": {
                      "blob": {
                        "enabled": true,
                        "keyType": "Account",
                        "lastEnabledTime": "2026-03-26T22:48:45.1838394Z"
                      },
                      "file": {
                        "enabled": true,
                        "keyType": "Account",
                        "lastEnabledTime": "2026-03-26T22:48:45.1838394Z"
                      }
                    }
                  },
                  "keyCreationTime": {
                    "key1": "2026-03-26T22:48:45.1682138Z",
                    "key2": "2026-03-26T22:48:45.1682138Z"
                  },
                  "minimumTlsVersion": "TLS1_2",
                  "networkAcls": {
                    "bypass": "AzureServices",
                    "defaultAction": "Allow",
                    "ipRules": [],
                    "ipv6Rules": [],
                    "virtualNetworkRules": []
                  },
                  "primaryEndpoints": {
                    "blob": "https://tfrslsatest001.blob.core.windows.net/",
                    "dfs": "https://tfrslsatest001.dfs.core.windows.net/",
                    "file": "https://tfrslsatest001.file.core.windows.net/",
                    "queue": "https://tfrslsatest001.queue.core.windows.net/",
                    "table": "https://tfrslsatest001.table.core.windows.net/",
                    "web": "https://tfrslsatest001.z6.web.core.windows.net/"
                  },
                  "primaryLocation": "westeurope",
                  "privateEndpointConnections": [],
                  "provisioningState": "Succeeded",
                  "statusOfPrimary": "available",
                  "supportsHttpsTrafficOnly": true
                },
                "sku": {
                  "name": "Standard_LRS",
                  "tier": "Standard"
                },
                "tags": {},
                "type": "Microsoft.Storage/storageAccounts"
              },
              "type": [
                "object",
                {
                  "id": "string",
                  "kind": "string",
                  "location": "string",
                  "name": "string",
                  "properties": [
                    "object",
                    {
                      "accessTier": "string",
                      "allowBlobPublicAccess": "bool",
                      "allowCrossTenantDelegationSas": "bool",
                      "allowCrossTenantReplication": "bool",
                      "creationTime": "string",
                      "encryption": [
                        "object",
                        {
                          "keySource": "string",
                          "services": [
                            "object",
                            {
                              "blob": [
                                "object",
                                {
                                  "enabled": "bool",
                                  "keyType": "string",
                                  "lastEnabledTime": "string"
                                }
                              ],
                              "file": [
                                "object",
                                {
                                  "enabled": "bool",
                                  "keyType": "string",
                                  "lastEnabledTime": "string"
                                }
                              ]
                            }
                          ]
                        }
                      ],
                      "keyCreationTime": [
                        "object",
                        {
                          "key1": "string",
                          "key2": "string"
                        }
                      ],
                      "minimumTlsVersion": "string",
                      "networkAcls": [
                        "object",
                        {
                          "bypass": "string",
                          "defaultAction": "string",
                          "ipRules": [
                            "tuple",
                            []
                          ],
                          "ipv6Rules": [
                            "tuple",
                            []
                          ],
                          "virtualNetworkRules": [
                            "tuple",
                            []
                          ]
                        }
                      ],
                      "primaryEndpoints": [
                        "object",
                        {
                          "blob": "string",
                          "dfs": "string",
                          "file": "string",
                          "queue": "string",
                          "table": "string",
                          "web": "string"
                        }
                      ],
                      "primaryLocation": "string",
                      "privateEndpointConnections": [
                        "tuple",
                        []
                      ],
                      "provisioningState": "string",
                      "statusOfPrimary": "string",
                      "supportsHttpsTrafficOnly": "bool"
                    }
                  ],
                  "sku": [
                    "object",
                    {
                      "name": "string",
                      "tier": "string"
                    }
                  ],
                  "tags": [
                    "object",
                    {}
                  ],
                  "type": "string"
                }
              ]
            },
            "output_attrs": null,
            "path": "/subscriptions/3775f8a6-d4df-4cf9-8119-475f7f723321/resourceGroups/test-rg-restful-skill/providers/Microsoft.Storage/storageAccounts/tfrslsatest001",
            "poll_create": {
              "default_delay_sec": 5,
              "header": null,
              "status": {
                "pending": [
                  "Creating",
                  "Updating",
                  "Accepted",
                  "Resolving",
                  "Provisioning"
                ],
                "success": "Succeeded"
              },
              "status_locator": "body.properties.provisioningState",
              "url_locator": null
            },
            "poll_delete": null,
            "poll_update": {
              "default_delay_sec": 5,
              "header": null,
              "status": {
                "pending": [
                  "Updating",
                  "Accepted",
                  "Resolving",
                  "Provisioning"
                ],
                "success": "Succeeded"
              },
              "status_locator": "body.properties.provisioningState",
              "url_locator": null
            },
            "post_create_read": null,
            "precheck_create": null,
            "precheck_delete": null,
            "precheck_update": null,
            "query": {
              "api-version": [
                "2025-08-01"
              ]
            },
            "read_header": null,
            "read_path": null,
            "read_query": null,
            "read_response_template": null,
            "read_selector": null,
            "sensitive_output": null,
            "update_body_patches": null,
            "update_header": null,
            "update_method": null,
            "update_path": null,
            "update_query": null,
            "use_sensitive_output": null,
            "write_only_attrs": null
          },
          "sensitive_attributes": [
            [
              {
                "type": "get_attr",
                "value": "sensitive_output"
              }
            ]
          ],
          "identity_schema_version": 0,
          "identity": {
            "id": "{\"id\":\"/subscriptions/3775f8a6-d4df-4cf9-8119-475f7f723321/resourceGroups/test-rg-restful-skill/providers/Microsoft.Storage/storageAccounts/tfrslsatest001\",\"path\":\"/subscriptions/3775f8a6-d4df-4cf9-8119-475f7f723321/resourceGroups/test-rg-restful-skill/providers/Microsoft.Storage/storageAccounts/tfrslsatest001\",\"query\":{\"api-version\":[\"2025-08-01\"]},\"body\":{\"kind\":null,\"location\":null,\"properties\":{\"allowBlobPublicAccess\":null,\"minimumTlsVersion\":null,\"supportsHttpsTrafficOnly\":null},\"sku\":{\"name\":null}}}"
          },
          "dependencies": [
            "restful_operation.access_token"
          ]
        }
      ]
    }
  ],
  "check_results": null
}
